
Microsoft Visual Studio Solution File, Format Version 12.00
# Visual Studio 15
VisualStudioVersion = 15.0.26430.16
MinimumVisualStudioVersion = 10.0.40219.1
Project("{FAE04EC0-301F-11D3-BF4B-00C04F79EFBC}") = "Cinema_Form_App", "Cinema_Form_App\Cinema_Form_App.csproj", "{E286227F-3C9D-40DF-B977-3A23A5E32C7C}"
EndProject
Project("{FAE04EC0-301F-11D3-BF4B-00C04F79EFBC}") = "WindowsFormsApp6", "..\..\..\..\Desktop\myCinemaFormApp-master\WindowsFormsApp6\WindowsFormsApp6.csproj", "{0A747AA0-D25F-4C9C-B766-DCB817503432}"
EndProject
Global
	GlobalSection(SolutionConfigurationPlatforms) = preSolution
		Debug|Any CPU = Debug|Any CPU
		Release|Any CPU = Release|Any CPU
	EndGlobalSection
	GlobalSection(ProjectConfigurationPlatforms) = postSolution
		{E286227F-3C9D-40DF-B977-3A23A5E32C7C}.Debug|Any CPU.ActiveCfg = Debug|Any CPU
		{E286227F-3C9D-40DF-B977-3A23A5E32C7C}.Debug|Any CPU.Build.0 = Debug|Any CPU
		{E286227F-3C9D-40DF-B977-3A23A5E32C7C}.Release|Any CPU.ActiveCfg = Release|Any CPU
		{E286227F-3C9D-40DF-B977-3A23A5E32C7C}.Release|Any CPU.Build.0 = Release|Any CPU
		{0A747AA0-D25F-4C9C-B766-DCB817503432}.Debug|Any CPU.ActiveCfg = Debug|Any CPU
		{0A747AA0-D25F-4C9C-B766-DCB817503432}.Debug|Any CPU.Build.0 = Debug|Any CPU
		{0A747AA0-D25F-4C9C-B766-DCB817503432}.Release|Any CPU.ActiveCfg = Release|Any CPU
		{0A747AA0-D25F-4C9C-B766-DCB817503432}.Release|Any CPU.Build.0 = Release|Any CPU
	EndGlobalSection
	GlobalSection(SolutionProperties) = preSolution
		HideSolutionNode = FALSE
	EndGlobalSection
EndGlobal
